
Microsoft Visual Studio Solution File, Format Version 12.00
# Visual Studio Version 16
VisualStudioVersion = 16.0.30413.136
MinimumVisualStudioVersion = 10.0.40219.1
Project("{FAE04EC0-301F-11D3-BF4B-00C04F79EFBC}") = "Top Trumps", "Top Trumps\Top Trumps.csproj", "{5D642648-BEAD-4CF9-A0A1-9968B8C669FD}"
EndProject
Global
	GlobalSection(SolutionConfigurationPlatforms) = preSolution
		Debug|Any CPU = Debug|Any CPU
		Release|Any CPU = Release|Any CPU
	EndGlobalSection
	GlobalSection(ProjectConfigurationPlatforms) = postSolution
		{5D642648-BEAD-4CF9-A0A1-9968B8C669FD}.Debug|Any CPU.ActiveCfg = Debug|Any CPU
		{5D642648-BEAD-4CF9-A0A1-9968B8C669FD}.Debug|Any CPU.Build.0 = Debug|Any CPU
		{5D642648-BEAD-4CF9-A0A1-9968B8C669FD}.Release|Any CPU.ActiveCfg = Release|Any CPU
		{5D642648-BEAD-4CF9-A0A1-9968B8C669FD}.Release|Any CPU.Build.0 = Release|Any CPU
	EndGlobalSection
	GlobalSection(SolutionProperties) = preSolution
		HideSolutionNode = FALSE
	EndGlobalSection
	GlobalSection(ExtensibilityGlobals) = postSolution
		SolutionGuid = {0CE213FD-8FB6-48E9-B71D-D6FE5C99D0A9}
	EndGlobalSection
EndGlobal
